
Microsoft Visual Studio Solution File, Format Version 12.00
# Visual Studio 15
VisualStudioVersion = 15.0.28307.271
MinimumVisualStudioVersion = 10.0.40219.1
Project("{8BC9CEB8-8B4A-11D0-8D11-00A0C91BC942}") = "Practice_Wk_8", "Practice_Wk_8\Practice_Wk_8.vcxproj", "{BB919635-E373-4466-82EE-9BA00CAB89BD}"
EndProject
Global
	GlobalSection(SolutionConfigurationPlatforms) = preSolution
		Debug|x64 = Debug|x64
		Debug|x86 = Debug|x86
		Release|x64 = Release|x64
		Release|x86 = Release|x86
	EndGlobalSection
	GlobalSection(ProjectConfigurationPlatforms) = postSolution
		{BB919635-E373-4466-82EE-9BA00CAB89BD}.Debug|x64.ActiveCfg = Debug|x64
		{BB919635-E373-4466-82EE-9BA00CAB89BD}.Debug|x64.Build.0 = Debug|x64
		{BB919635-E373-4466-82EE-9BA00CAB89BD}.Debug|x86.ActiveCfg = Debug|Win32
		{BB919635-E373-4466-82EE-9BA00CAB89BD}.Debug|x86.Build.0 = Debug|Win32
		{BB919635-E373-4466-82EE-9BA00CAB89BD}.Release|x64.ActiveCfg = Release|x64
		{BB919635-E373-4466-82EE-9BA00CAB89BD}.Release|x64.Build.0 = Release|x64
		{BB919635-E373-4466-82EE-9BA00CAB89BD}.Release|x86.ActiveCfg = Release|Win32
		{BB919635-E373-4466-82EE-9BA00CAB89BD}.Release|x86.Build.0 = Release|Win32
	EndGlobalSection
	GlobalSection(SolutionProperties) = preSolution
		HideSolutionNode = FALSE
	EndGlobalSection
	GlobalSection(ExtensibilityGlobals) = postSolution
		SolutionGuid = {9AB64762-A230-46AB-A966-7AAEC74C3099}
	EndGlobalSection
EndGlobal
